// !$*UTF8*$!
{
	archiveVersion = 1;
	classes = {
	};
	objectVersion = 56;
	objects = {

/* Begin PBXBuildFile section */
		A1000001001 /* ClaudacityApp.swift in Sources */ = {isa = PBXBuildFile; fileRef = A1000001000 /* ClaudacityApp.swift */; };
		A1000002001 /* AppDelegate.swift in Sources */ = {isa = PBXBuildFile; fileRef = A1000002000 /* AppDelegate.swift */; };
		A1000003001 /* Dependencies.swift in Sources */ = {isa = PBXBuildFile; fileRef = A1000003000 /* Dependencies.swift */; };
		A1000009001 /* MenuBarController.swift in Sources */ = {isa = PBXBuildFile; fileRef = A1000009000 /* MenuBarController.swift */; };
		A1000010001 /* PopoverView.swift in Sources */ = {isa = PBXBuildFile; fileRef = A1000010000 /* PopoverView.swift */; };
		A1000011001 /* UsageViewModel.swift in Sources */ = {isa = PBXBuildFile; fileRef = A1000011000 /* UsageViewModel.swift */; };
		A1000014001 /* Assets.xcassets in Resources */ = {isa = PBXBuildFile; fileRef = A1000014000 /* Assets.xcassets */; };
		A1000020001 /* UsageTabView.swift in Sources */ = {isa = PBXBuildFile; fileRef = A1000020000 /* UsageTabView.swift */; };
		A1000024001 /* SettingsView.swift in Sources */ = {isa = PBXBuildFile; fileRef = A1000024000 /* SettingsView.swift */; };
		A1000027001 /* StatsTabView.swift in Sources */ = {isa = PBXBuildFile; fileRef = A1000027000 /* StatsTabView.swift */; };
		A1000037001 /* claude-usage.exp in Resources */ = {isa = PBXBuildFile; fileRef = A1000037000 /* claude-usage.exp */; };
		A1000038001 /* (null) in Resources */ = {isa = PBXBuildFile; };
		F34402792EFCDF360059DBEA /* Localizable.strings in Resources */ = {isa = PBXBuildFile; fileRef = F34402732EFCDF360059DBEA /* Localizable.strings */; };
		F344027A2EFCDF360059DBEA /* Localizable.strings in Resources */ = {isa = PBXBuildFile; fileRef = F34402762EFCDF360059DBEA /* Localizable.strings */; };
		F3A6F1FE2F0167EC00873F6C /* ActiveClaudeProcess.swift in Sources */ = {isa = PBXBuildFile; fileRef = F3A6F1F02F0167EC00873F6C /* ActiveClaudeProcess.swift */; };
		F3A6F1FF2F0167EC00873F6C /* ContextCalculator.swift in Sources */ = {isa = PBXBuildFile; fileRef = F3A6F1F92F0167EC00873F6C /* ContextCalculator.swift */; };
		F3A6F2002F0167EC00873F6C /* Session.swift in Sources */ = {isa = PBXBuildFile; fileRef = F3A6F1F42F0167EC00873F6C /* Session.swift */; };
		F3A6F2012F0167EC00873F6C /* UsageData.swift in Sources */ = {isa = PBXBuildFile; fileRef = F3A6F1F52F0167EC00873F6C /* UsageData.swift */; };
		F3A6F2022F0167EC00873F6C /* AppError.swift in Sources */ = {isa = PBXBuildFile; fileRef = F3A6F1F12F0167EC00873F6C /* AppError.swift */; };
		F3A6F2032F0167EC00873F6C /* AppSettings.swift in Sources */ = {isa = PBXBuildFile; fileRef = F3A6F1F22F0167EC00873F6C /* AppSettings.swift */; };
		F3A6F2042F0167EC00873F6C /* UsageRecord.swift in Sources */ = {isa = PBXBuildFile; fileRef = F3A6F1F62F0167EC00873F6C /* UsageRecord.swift */; };
		F3A6F2052F0167EC00873F6C /* ClaudeLogEntry.swift in Sources */ = {isa = PBXBuildFile; fileRef = F3A6F1F32F0167EC00873F6C /* ClaudeLogEntry.swift */; };
		F3A6F2062F0167EC00873F6C /* ClaudeLogReader.swift in Sources */ = {isa = PBXBuildFile; fileRef = F3A6F1F82F0167EC00873F6C /* ClaudeLogReader.swift */; };
		F3A6F2072F0167EC00873F6C /* ProcessDiscovery.swift in Sources */ = {isa = PBXBuildFile; fileRef = F3A6F1FA2F0167EC00873F6C /* ProcessDiscovery.swift */; };
		F3A6F2082F0167EC00873F6C /* UsageRepository.swift in Sources */ = {isa = PBXBuildFile; fileRef = F3A6F1FB2F0167EC00873F6C /* UsageRepository.swift */; };
		F3A6F21E2F0167F300873F6C /* ActiveProcessMonitor.swift in Sources */ = {isa = PBXBuildFile; fileRef = F3A6F20E2F0167F300873F6C /* ActiveProcessMonitor.swift */; };
		F3A6F21F2F0167F300873F6C /* IconGenerator.swift in Sources */ = {isa = PBXBuildFile; fileRef = F3A6F2142F0167F300873F6C /* IconGenerator.swift */; };
		F3A6F2202F0167F300873F6C /* SessionDetector.swift in Sources */ = {isa = PBXBuildFile; fileRef = F3A6F2192F0167F300873F6C /* SessionDetector.swift */; };
		F3A6F2212F0167F300873F6C /* APIClient.swift in Sources */ = {isa = PBXBuildFile; fileRef = F3A6F2092F0167F300873F6C /* APIClient.swift */; };
		F3A6F2222F0167F300873F6C /* NotificationService.swift in Sources */ = {isa = PBXBuildFile; fileRef = F3A6F2172F0167F300873F6C /* NotificationService.swift */; };
		F3A6F2232F0167F300873F6C /* ClaudeLogReaderImpl.swift in Sources */ = {isa = PBXBuildFile; fileRef = F3A6F20F2F0167F300873F6C /* ClaudeLogReaderImpl.swift */; };
		F3A6F2242F0167F300873F6C /* UsageAggregatorImpl.swift in Sources */ = {isa = PBXBuildFile; fileRef = F3A6F21A2F0167F300873F6C /* UsageAggregatorImpl.swift */; };
		F3A6F2252F0167F300873F6C /* DataManager.swift in Sources */ = {isa = PBXBuildFile; fileRef = F3A6F2132F0167F300873F6C /* DataManager.swift */; };
		F3A6F2262F0167F300873F6C /* LaunchAtLoginManager.swift in Sources */ = {isa = PBXBuildFile; fileRef = F3A6F2152F0167F300873F6C /* LaunchAtLoginManager.swift */; };
		F3A6F2272F0167F300873F6C /* ContextCalculatorImpl.swift in Sources */ = {isa = PBXBuildFile; fileRef = F3A6F2122F0167F300873F6C /* ContextCalculatorImpl.swift */; };
		F3A6F2282F0167F300873F6C /* ProcessDiscoveryImpl.swift in Sources */ = {isa = PBXBuildFile; fileRef = F3A6F2182F0167F300873F6C /* ProcessDiscoveryImpl.swift */; };
		F3A6F2292F0167F300873F6C /* UsageRepositoryImpl.swift in Sources */ = {isa = PBXBuildFile; fileRef = F3A6F20C2F0167F300873F6C /* UsageRepositoryImpl.swift */; };
		F3A6F22A2F0167F300873F6C /* CLIUsageService.swift in Sources */ = {isa = PBXBuildFile; fileRef = F3A6F2112F0167F300873F6C /* CLIUsageService.swift */; };
		F3A6F22B2F0167F300873F6C /* Logger.swift in Sources */ = {isa = PBXBuildFile; fileRef = F3A6F2162F0167F300873F6C /* Logger.swift */; };
		F3A6F22C2F0167F300873F6C /* CLIRunner.swift in Sources */ = {isa = PBXBuildFile; fileRef = F3A6F2102F0167F300873F6C /* CLIRunner.swift */; };
		F3A6F22D2F0167F300873F6C /* SettingsStore.swift in Sources */ = {isa = PBXBuildFile; fileRef = F3A6F21C2F0167F300873F6C /* SettingsStore.swift */; };
		F3A6F22E2F0167F300873F6C /* MockDataSource.swift in Sources */ = {isa = PBXBuildFile; fileRef = F3A6F20A2F0167F300873F6C /* MockDataSource.swift */; };
		F3A6F2362F01681F00873F6C /* ActiveProcessesView.swift in Sources */ = {isa = PBXBuildFile; fileRef = F3A6F22F2F01681F00873F6C /* ActiveProcessesView.swift */; };
		F3A6F2372F01681F00873F6C /* Dimensions.swift in Sources */ = {isa = PBXBuildFile; fileRef = F3A6F2312F01681F00873F6C /* Dimensions.swift */; };
		F3A6F2382F01681F00873F6C /* Colors.swift in Sources */ = {isa = PBXBuildFile; fileRef = F3A6F2302F01681F00873F6C /* Colors.swift */; };
		F3A6F2392F01681F00873F6C /* ProgressBarView.swift in Sources */ = {isa = PBXBuildFile; fileRef = F3A6F2332F01681F00873F6C /* ProgressBarView.swift */; };
		F3A6F23A2F01681F00873F6C /* UsageCardView.swift in Sources */ = {isa = PBXBuildFile; fileRef = F3A6F2342F01681F00873F6C /* UsageCardView.swift */; };
		F3A6F23B2F01681F00873F6C /* MiniChartView.swift in Sources */ = {isa = PBXBuildFile; fileRef = F3A6F2322F01681F00873F6C /* MiniChartView.swift */; };
/* End PBXBuildFile section */

/* Begin PBXFileReference section */
		A1000000000 /* Claudacity.app */ = {isa = PBXFileReference; explicitFileType = wrapper.application; includeInIndex = 0; path = Claudacity.app; sourceTree = BUILT_PRODUCTS_DIR; };
		A1000001000 /* ClaudacityApp.swift */ = {isa = PBXFileReference; lastKnownFileType = sourcecode.swift; path = ClaudacityApp.swift; sourceTree = "<group>"; };
		A1000002000 /* AppDelegate.swift */ = {isa = PBXFileReference; lastKnownFileType = sourcecode.swift; path = AppDelegate.swift; sourceTree = "<group>"; };
		A1000003000 /* Dependencies.swift */ = {isa = PBXFileReference; lastKnownFileType = sourcecode.swift; path = Dependencies.swift; sourceTree = "<group>"; };
		A1000009000 /* MenuBarController.swift */ = {isa = PBXFileReference; lastKnownFileType = sourcecode.swift; path = MenuBarController.swift; sourceTree = "<group>"; };
		A1000010000 /* PopoverView.swift */ = {isa = PBXFileReference; lastKnownFileType = sourcecode.swift; path = PopoverView.swift; sourceTree = "<group>"; };
		A1000011000 /* UsageViewModel.swift */ = {isa = PBXFileReference; lastKnownFileType = sourcecode.swift; path = UsageViewModel.swift; sourceTree = "<group>"; };
		A1000014000 /* Assets.xcassets */ = {isa = PBXFileReference; lastKnownFileType = folder.assetcatalog; path = Assets.xcassets; sourceTree = "<group>"; };
		A1000020000 /* UsageTabView.swift */ = {isa = PBXFileReference; lastKnownFileType = sourcecode.swift; path = UsageTabView.swift; sourceTree = "<group>"; };
		A1000022000 /* Info.plist */ = {isa = PBXFileReference; lastKnownFileType = text.plist.xml; path = Info.plist; sourceTree = "<group>"; };
		A1000023000 /* Claudacity.entitlements */ = {isa = PBXFileReference; lastKnownFileType = text.plist.entitlements; path = Claudacity.entitlements; sourceTree = "<group>"; };
		A1000024000 /* SettingsView.swift */ = {isa = PBXFileReference; lastKnownFileType = sourcecode.swift; path = SettingsView.swift; sourceTree = "<group>"; };
		A1000027000 /* StatsTabView.swift */ = {isa = PBXFileReference; lastKnownFileType = sourcecode.swift; path = StatsTabView.swift; sourceTree = "<group>"; };
		A1000037000 /* claude-usage.exp */ = {isa = PBXFileReference; lastKnownFileType = text; path = "claude-usage.exp"; sourceTree = "<group>"; };
		F34402722EFCDF360059DBEA /* en */ = {isa = PBXFileReference; lastKnownFileType = text.plist.strings; name = en; path = Localizable.strings; sourceTree = "<group>"; };
		F34402752EFCDF360059DBEA /* ko */ = {isa = PBXFileReference; lastKnownFileType = text.plist.strings; name = ko; path = Localizable.strings; sourceTree = "<group>"; };
		F3A6F1F02F0167EC00873F6C /* ActiveClaudeProcess.swift */ = {isa = PBXFileReference; lastKnownFileType = sourcecode.swift; path = ActiveClaudeProcess.swift; sourceTree = "<group>"; };
		F3A6F1F12F0167EC00873F6C /* AppError.swift */ = {isa = PBXFileReference; lastKnownFileType = sourcecode.swift; path = AppError.swift; sourceTree = "<group>"; };
		F3A6F1F22F0167EC00873F6C /* AppSettings.swift */ = {isa = PBXFileReference; lastKnownFileType = sourcecode.swift; path = AppSettings.swift; sourceTree = "<group>"; };
		F3A6F1F32F0167EC00873F6C /* ClaudeLogEntry.swift */ = {isa = PBXFileReference; lastKnownFileType = sourcecode.swift; path = ClaudeLogEntry.swift; sourceTree = "<group>"; };
		F3A6F1F42F0167EC00873F6C /* Session.swift */ = {isa = PBXFileReference; lastKnownFileType = sourcecode.swift; path = Session.swift; sourceTree = "<group>"; };
		F3A6F1F52F0167EC00873F6C /* UsageData.swift */ = {isa = PBXFileReference; lastKnownFileType = sourcecode.swift; path = UsageData.swift; sourceTree = "<group>"; };
		F3A6F1F62F0167EC00873F6C /* UsageRecord.swift */ = {isa = PBXFileReference; lastKnownFileType = sourcecode.swift; path = UsageRecord.swift; sourceTree = "<group>"; };
		F3A6F1F82F0167EC00873F6C /* ClaudeLogReader.swift */ = {isa = PBXFileReference; lastKnownFileType = sourcecode.swift; path = ClaudeLogReader.swift; sourceTree = "<group>"; };
		F3A6F1F92F0167EC00873F6C /* ContextCalculator.swift */ = {isa = PBXFileReference; lastKnownFileType = sourcecode.swift; path = ContextCalculator.swift; sourceTree = "<group>"; };
		F3A6F1FA2F0167EC00873F6C /* ProcessDiscovery.swift */ = {isa = PBXFileReference; lastKnownFileType = sourcecode.swift; path = ProcessDiscovery.swift; sourceTree = "<group>"; };
		F3A6F1FB2F0167EC00873F6C /* UsageRepository.swift */ = {isa = PBXFileReference; lastKnownFileType = sourcecode.swift; path = UsageRepository.swift; sourceTree = "<group>"; };
		F3A6F2092F0167F300873F6C /* APIClient.swift */ = {isa = PBXFileReference; lastKnownFileType = sourcecode.swift; path = APIClient.swift; sourceTree = "<group>"; };
		F3A6F20A2F0167F300873F6C /* MockDataSource.swift */ = {isa = PBXFileReference; lastKnownFileType = sourcecode.swift; path = MockDataSource.swift; sourceTree = "<group>"; };
		F3A6F20C2F0167F300873F6C /* UsageRepositoryImpl.swift */ = {isa = PBXFileReference; lastKnownFileType = sourcecode.swift; path = UsageRepositoryImpl.swift; sourceTree = "<group>"; };
		F3A6F20E2F0167F300873F6C /* ActiveProcessMonitor.swift */ = {isa = PBXFileReference; lastKnownFileType = sourcecode.swift; path = ActiveProcessMonitor.swift; sourceTree = "<group>"; };
		F3A6F20F2F0167F300873F6C /* ClaudeLogReaderImpl.swift */ = {isa = PBXFileReference; lastKnownFileType = sourcecode.swift; path = ClaudeLogReaderImpl.swift; sourceTree = "<group>"; };
		F3A6F2102F0167F300873F6C /* CLIRunner.swift */ = {isa = PBXFileReference; lastKnownFileType = sourcecode.swift; path = CLIRunner.swift; sourceTree = "<group>"; };
		F3A6F2112F0167F300873F6C /* CLIUsageService.swift */ = {isa = PBXFileReference; lastKnownFileType = sourcecode.swift; path = CLIUsageService.swift; sourceTree = "<group>"; };
		F3A6F2122F0167F300873F6C /* ContextCalculatorImpl.swift */ = {isa = PBXFileReference; lastKnownFileType = sourcecode.swift; path = ContextCalculatorImpl.swift; sourceTree = "<group>"; };
		F3A6F2132F0167F300873F6C /* DataManager.swift */ = {isa = PBXFileReference; lastKnownFileType = sourcecode.swift; path = DataManager.swift; sourceTree = "<group>"; };
		F3A6F2142F0167F300873F6C /* IconGenerator.swift */ = {isa = PBXFileReference; lastKnownFileType = sourcecode.swift; path = IconGenerator.swift; sourceTree = "<group>"; };
		F3A6F2152F0167F300873F6C /* LaunchAtLoginManager.swift */ = {isa = PBXFileReference; lastKnownFileType = sourcecode.swift; path = LaunchAtLoginManager.swift; sourceTree = "<group>"; };
		F3A6F2162F0167F300873F6C /* Logger.swift */ = {isa = PBXFileReference; lastKnownFileType = sourcecode.swift; path = Logger.swift; sourceTree = "<group>"; };
		F3A6F2172F0167F300873F6C /* NotificationService.swift */ = {isa = PBXFileReference; lastKnownFileType = sourcecode.swift; path = NotificationService.swift; sourceTree = "<group>"; };
		F3A6F2182F0167F300873F6C /* ProcessDiscoveryImpl.swift */ = {isa = PBXFileReference; lastKnownFileType = sourcecode.swift; path = ProcessDiscoveryImpl.swift; sourceTree = "<group>"; };
		F3A6F2192F0167F300873F6C /* SessionDetector.swift */ = {isa = PBXFileReference; lastKnownFileType = sourcecode.swift; path = SessionDetector.swift; sourceTree = "<group>"; };
		F3A6F21A2F0167F300873F6C /* UsageAggregatorImpl.swift */ = {isa = PBXFileReference; lastKnownFileType = sourcecode.swift; path = UsageAggregatorImpl.swift; sourceTree = "<group>"; };
		F3A6F21C2F0167F300873F6C /* SettingsStore.swift */ = {isa = PBXFileReference; lastKnownFileType = sourcecode.swift; path = SettingsStore.swift; sourceTree = "<group>"; };
		F3A6F22F2F01681F00873F6C /* ActiveProcessesView.swift */ = {isa = PBXFileReference; lastKnownFileType = sourcecode.swift; path = ActiveProcessesView.swift; sourceTree = "<group>"; };
		F3A6F2302F01681F00873F6C /* Colors.swift */ = {isa = PBXFileReference; lastKnownFileType = sourcecode.swift; path = Colors.swift; sourceTree = "<group>"; };
		F3A6F2312F01681F00873F6C /* Dimensions.swift */ = {isa = PBXFileReference; lastKnownFileType = sourcecode.swift; path = Dimensions.swift; sourceTree = "<group>"; };
		F3A6F2322F01681F00873F6C /* MiniChartView.swift */ = {isa = PBXFileReference; lastKnownFileType = sourcecode.swift; path = MiniChartView.swift; sourceTree = "<group>"; };
		F3A6F2332F01681F00873F6C /* ProgressBarView.swift */ = {isa = PBXFileReference; lastKnownFileType = sourcecode.swift; path = ProgressBarView.swift; sourceTree = "<group>"; };
		F3A6F2342F01681F00873F6C /* UsageCardView.swift */ = {isa = PBXFileReference; lastKnownFileType = sourcecode.swift; path = UsageCardView.swift; sourceTree = "<group>"; };
/* End PBXFileReference section */

/* Begin PBXFrameworksBuildPhase section */
		A0900000000 /* Frameworks */ = {
			isa = PBXFrameworksBuildPhase;
			buildActionMask = 2147483647;
			files = (
			);
			runOnlyForDeploymentPostprocessing = 0;
		};
/* End PBXFrameworksBuildPhase section */

/* Begin PBXGroup section */
		A0000000000 = {
			isa = PBXGroup;
			children = (
				A0100000000 /* Claudacity */,
				A0200000000 /* Products */,
			);
			sourceTree = "<group>";
		};
		A0100000000 /* Claudacity */ = {
			isa = PBXGroup;
			children = (
				A0110000000 /* App */,
				A0120000000 /* Domain */,
				A0130000000 /* Infrastructure */,
				A0140000000 /* Presentation */,
				A0150000000 /* Resources */,
				A1000022000 /* Info.plist */,
				A1000023000 /* Claudacity.entitlements */,
			);
			path = Claudacity;
			sourceTree = "<group>";
		};
		A0110000000 /* App */ = {
			isa = PBXGroup;
			children = (
				A1000001000 /* ClaudacityApp.swift */,
				A1000002000 /* AppDelegate.swift */,
				A1000003000 /* Dependencies.swift */,
			);
			path = App;
			sourceTree = "<group>";
		};
		A0120000000 /* Domain */ = {
			isa = PBXGroup;
			children = (
				F3A6F1F72F0167EC00873F6C /* Models */,
				F3A6F1FC2F0167EC00873F6C /* Protocols */,
				F3A6F1FD2F0167EC00873F6C /* UseCases */,
			);
			path = Domain;
			sourceTree = "<group>";
		};
		A0130000000 /* Infrastructure */ = {
			isa = PBXGroup;
			children = (
				F3A6F20B2F0167F300873F6C /* Network */,
				F3A6F20D2F0167F300873F6C /* Repositories */,
				F3A6F21B2F0167F300873F6C /* Services */,
				F3A6F21D2F0167F300873F6C /* Storage */,
			);
			path = Infrastructure;
			sourceTree = "<group>";
		};
		A0140000000 /* Presentation */ = {
			isa = PBXGroup;
			children = (
				F3A6F2352F01681F00873F6C /* Components */,
				A0141000000 /* MenuBar */,
				A0142000000 /* Popover */,
				A0145000000 /* Settings */,
				A0144000000 /* ViewModels */,
			);
			path = Presentation;
			sourceTree = "<group>";
		};
		A0141000000 /* MenuBar */ = {
			isa = PBXGroup;
			children = (
				A1000009000 /* MenuBarController.swift */,
			);
			path = MenuBar;
			sourceTree = "<group>";
		};
		A0142000000 /* Popover */ = {
			isa = PBXGroup;
			children = (
				A1000010000 /* PopoverView.swift */,
				A1000020000 /* UsageTabView.swift */,
				A1000027000 /* StatsTabView.swift */,
			);
			path = Popover;
			sourceTree = "<group>";
		};
		A0144000000 /* ViewModels */ = {
			isa = PBXGroup;
			children = (
				A1000011000 /* UsageViewModel.swift */,
			);
			path = ViewModels;
			sourceTree = "<group>";
		};
		A0145000000 /* Settings */ = {
			isa = PBXGroup;
			children = (
				A1000024000 /* SettingsView.swift */,
			);
			path = Settings;
			sourceTree = "<group>";
		};
		A0150000000 /* Resources */ = {
			isa = PBXGroup;
			children = (
				F34402742EFCDF360059DBEA /* en.lproj */,
				F34402772EFCDF360059DBEA /* ko.lproj */,
				F34402782EFCDF360059DBEA /* Sounds */,
				A1000014000 /* Assets.xcassets */,
				A1000037000 /* claude-usage.exp */,
			);
			path = Resources;
			sourceTree = "<group>";
		};
		A0200000000 /* Products */ = {
			isa = PBXGroup;
			children = (
				A1000000000 /* Claudacity.app */,
			);
			name = Products;
			sourceTree = "<group>";
		};
		F34402742EFCDF360059DBEA /* en.lproj */ = {
			isa = PBXGroup;
			children = (
				F34402732EFCDF360059DBEA /* Localizable.strings */,
			);
			path = en.lproj;
			sourceTree = "<group>";
		};
		F34402772EFCDF360059DBEA /* ko.lproj */ = {
			isa = PBXGroup;
			children = (
				F34402762EFCDF360059DBEA /* Localizable.strings */,
			);
			path = ko.lproj;
			sourceTree = "<group>";
		};
		F34402782EFCDF360059DBEA /* Sounds */ = {
			isa = PBXGroup;
			children = (
			);
			path = Sounds;
			sourceTree = "<group>";
		};
		F3A6F1F72F0167EC00873F6C /* Models */ = {
			isa = PBXGroup;
			children = (
				F3A6F1F02F0167EC00873F6C /* ActiveClaudeProcess.swift */,
				F3A6F1F12F0167EC00873F6C /* AppError.swift */,
				F3A6F1F22F0167EC00873F6C /* AppSettings.swift */,
				F3A6F1F32F0167EC00873F6C /* ClaudeLogEntry.swift */,
				F3A6F1F42F0167EC00873F6C /* Session.swift */,
				F3A6F1F52F0167EC00873F6C /* UsageData.swift */,
				F3A6F1F62F0167EC00873F6C /* UsageRecord.swift */,
			);
			path = Models;
			sourceTree = "<group>";
		};
		F3A6F1FC2F0167EC00873F6C /* Protocols */ = {
			isa = PBXGroup;
			children = (
				F3A6F1F82F0167EC00873F6C /* ClaudeLogReader.swift */,
				F3A6F1F92F0167EC00873F6C /* ContextCalculator.swift */,
				F3A6F1FA2F0167EC00873F6C /* ProcessDiscovery.swift */,
				F3A6F1FB2F0167EC00873F6C /* UsageRepository.swift */,
			);
			path = Protocols;
			sourceTree = "<group>";
		};
		F3A6F1FD2F0167EC00873F6C /* UseCases */ = {
			isa = PBXGroup;
			children = (
			);
			path = UseCases;
			sourceTree = "<group>";
		};
		F3A6F20B2F0167F300873F6C /* Network */ = {
			isa = PBXGroup;
			children = (
				F3A6F2092F0167F300873F6C /* APIClient.swift */,
				F3A6F20A2F0167F300873F6C /* MockDataSource.swift */,
			);
			path = Network;
			sourceTree = "<group>";
		};
		F3A6F20D2F0167F300873F6C /* Repositories */ = {
			isa = PBXGroup;
			children = (
				F3A6F20C2F0167F300873F6C /* UsageRepositoryImpl.swift */,
			);
			path = Repositories;
			sourceTree = "<group>";
		};
		F3A6F21B2F0167F300873F6C /* Services */ = {
			isa = PBXGroup;
			children = (
				F3A6F20E2F0167F300873F6C /* ActiveProcessMonitor.swift */,
				F3A6F20F2F0167F300873F6C /* ClaudeLogReaderImpl.swift */,
				F3A6F2102F0167F300873F6C /* CLIRunner.swift */,
				F3A6F2112F0167F300873F6C /* CLIUsageService.swift */,
				F3A6F2122F0167F300873F6C /* ContextCalculatorImpl.swift */,
				F3A6F2132F0167F300873F6C /* DataManager.swift */,
				F3A6F2142F0167F300873F6C /* IconGenerator.swift */,
				F3A6F2152F0167F300873F6C /* LaunchAtLoginManager.swift */,
				F3A6F2162F0167F300873F6C /* Logger.swift */,
				F3A6F2172F0167F300873F6C /* NotificationService.swift */,
				F3A6F2182F0167F300873F6C /* ProcessDiscoveryImpl.swift */,
				F3A6F2192F0167F300873F6C /* SessionDetector.swift */,
				F3A6F21A2F0167F300873F6C /* UsageAggregatorImpl.swift */,
			);
			path = Services;
			sourceTree = "<group>";
		};
		F3A6F21D2F0167F300873F6C /* Storage */ = {
			isa = PBXGroup;
			children = (
				F3A6F21C2F0167F300873F6C /* SettingsStore.swift */,
			);
			path = Storage;
			sourceTree = "<group>";
		};
		F3A6F2352F01681F00873F6C /* Components */ = {
			isa = PBXGroup;
			children = (
				F3A6F22F2F01681F00873F6C /* ActiveProcessesView.swift */,
				F3A6F2302F01681F00873F6C /* Colors.swift */,
				F3A6F2312F01681F00873F6C /* Dimensions.swift */,
				F3A6F2322F01681F00873F6C /* MiniChartView.swift */,
				F3A6F2332F01681F00873F6C /* ProgressBarView.swift */,
				F3A6F2342F01681F00873F6C /* UsageCardView.swift */,
			);
			path = Components;
			sourceTree = "<group>";
		};
/* End PBXGroup section */

/* Begin PBXNativeTarget section */
		A0800000000 /* Claudacity */ = {
			isa = PBXNativeTarget;
			buildConfigurationList = A0700000000 /* Build configuration list for PBXNativeTarget "Claudacity" */;
			buildPhases = (
				A0800000001 /* Sources */,
				A0900000000 /* Frameworks */,
				A0800000002 /* Resources */,
			);
			buildRules = (
			);
			dependencies = (
			);
			name = Claudacity;
			productName = Claudacity;
			productReference = A1000000000 /* Claudacity.app */;
			productType = "com.apple.product-type.application";
		};
/* End PBXNativeTarget section */

/* Begin PBXProject section */
		A0300000000 /* Project object */ = {
			isa = PBXProject;
			attributes = {
				BuildIndependentTargetsInParallel = 1;
				LastSwiftUpdateCheck = 1500;
				LastUpgradeCheck = 2620;
				TargetAttributes = {
					A0800000000 = {
						CreatedOnToolsVersion = 15.0;
					};
				};
			};
			buildConfigurationList = A0600000000 /* Build configuration list for PBXProject "Claudacity" */;
			compatibilityVersion = "Xcode 14.0";
			developmentRegion = ko;
			hasScannedForEncodings = 0;
			knownRegions = (
				ko,
				en,
				Base,
			);
			mainGroup = A0000000000;
			productRefGroup = A0200000000 /* Products */;
			projectDirPath = "";
			projectRoot = "";
			targets = (
				A0800000000 /* Claudacity */,
			);
		};
/* End PBXProject section */

/* Begin PBXResourcesBuildPhase section */
		A0800000002 /* Resources */ = {
			isa = PBXResourcesBuildPhase;
			buildActionMask = 2147483647;
			files = (
				A1000014001 /* Assets.xcassets in Resources */,
				A1000037001 /* claude-usage.exp in Resources */,
				F34402792EFCDF360059DBEA /* Localizable.strings in Resources */,
				F344027A2EFCDF360059DBEA /* Localizable.strings in Resources */,
				A1000038001 /* (null) in Resources */,
			);
			runOnlyForDeploymentPostprocessing = 0;
		};
/* End PBXResourcesBuildPhase section */

/* Begin PBXSourcesBuildPhase section */
		A0800000001 /* Sources */ = {
			isa = PBXSourcesBuildPhase;
			buildActionMask = 2147483647;
			files = (
				A1000001001 /* ClaudacityApp.swift in Sources */,
				A1000002001 /* AppDelegate.swift in Sources */,
				A1000003001 /* Dependencies.swift in Sources */,
				A1000009001 /* MenuBarController.swift in Sources */,
				A1000010001 /* PopoverView.swift in Sources */,
				A1000011001 /* UsageViewModel.swift in Sources */,
				F3A6F21E2F0167F300873F6C /* ActiveProcessMonitor.swift in Sources */,
				F3A6F21F2F0167F300873F6C /* IconGenerator.swift in Sources */,
				F3A6F2202F0167F300873F6C /* SessionDetector.swift in Sources */,
				F3A6F2212F0167F300873F6C /* APIClient.swift in Sources */,
				F3A6F2222F0167F300873F6C /* NotificationService.swift in Sources */,
				F3A6F2232F0167F300873F6C /* ClaudeLogReaderImpl.swift in Sources */,
				F3A6F2242F0167F300873F6C /* UsageAggregatorImpl.swift in Sources */,
				F3A6F2252F0167F300873F6C /* DataManager.swift in Sources */,
				F3A6F2262F0167F300873F6C /* LaunchAtLoginManager.swift in Sources */,
				F3A6F2272F0167F300873F6C /* ContextCalculatorImpl.swift in Sources */,
				F3A6F2282F0167F300873F6C /* ProcessDiscoveryImpl.swift in Sources */,
				F3A6F2292F0167F300873F6C /* UsageRepositoryImpl.swift in Sources */,
				F3A6F22A2F0167F300873F6C /* CLIUsageService.swift in Sources */,
				F3A6F22B2F0167F300873F6C /* Logger.swift in Sources */,
				F3A6F22C2F0167F300873F6C /* CLIRunner.swift in Sources */,
				F3A6F22D2F0167F300873F6C /* SettingsStore.swift in Sources */,
				F3A6F22E2F0167F300873F6C /* MockDataSource.swift in Sources */,
				A1000020001 /* UsageTabView.swift in Sources */,
				F3A6F1FE2F0167EC00873F6C /* ActiveClaudeProcess.swift in Sources */,
				F3A6F1FF2F0167EC00873F6C /* ContextCalculator.swift in Sources */,
				F3A6F2002F0167EC00873F6C /* Session.swift in Sources */,
				F3A6F2362F01681F00873F6C /* ActiveProcessesView.swift in Sources */,
				F3A6F2372F01681F00873F6C /* Dimensions.swift in Sources */,
				F3A6F2382F01681F00873F6C /* Colors.swift in Sources */,
				F3A6F2392F01681F00873F6C /* ProgressBarView.swift in Sources */,
				F3A6F23A2F01681F00873F6C /* UsageCardView.swift in Sources */,
				F3A6F23B2F01681F00873F6C /* MiniChartView.swift in Sources */,
				F3A6F2012F0167EC00873F6C /* UsageData.swift in Sources */,
				F3A6F2022F0167EC00873F6C /* AppError.swift in Sources */,
				F3A6F2032F0167EC00873F6C /* AppSettings.swift in Sources */,
				F3A6F2042F0167EC00873F6C /* UsageRecord.swift in Sources */,
				F3A6F2052F0167EC00873F6C /* ClaudeLogEntry.swift in Sources */,
				F3A6F2062F0167EC00873F6C /* ClaudeLogReader.swift in Sources */,
				F3A6F2072F0167EC00873F6C /* ProcessDiscovery.swift in Sources */,
				F3A6F2082F0167EC00873F6C /* UsageRepository.swift in Sources */,
				A1000024001 /* SettingsView.swift in Sources */,
				A1000027001 /* StatsTabView.swift in Sources */,
			);
			runOnlyForDeploymentPostprocessing = 0;
		};
/* End PBXSourcesBuildPhase section */

/* Begin PBXVariantGroup section */
		F34402732EFCDF360059DBEA /* Localizable.strings */ = {
			isa = PBXVariantGroup;
			children = (
				F34402722EFCDF360059DBEA /* en */,
			);
			name = Localizable.strings;
			sourceTree = "<group>";
		};
		F34402762EFCDF360059DBEA /* Localizable.strings */ = {
			isa = PBXVariantGroup;
			children = (
				F34402752EFCDF360059DBEA /* ko */,
			);
			name = Localizable.strings;
			sourceTree = "<group>";
		};
/* End PBXVariantGroup section */

/* Begin XCBuildConfiguration section */
		A0400000000 /* Debug */ = {
			isa = XCBuildConfiguration;
			buildSettings = {
				ALWAYS_SEARCH_USER_PATHS = NO;
				ASSETCATALOG_COMPILER_GENERATE_SWIFT_ASSET_SYMBOL_EXTENSIONS = YES;
				CLANG_ANALYZER_LOCALIZABILITY_NONLOCALIZED = YES;
				CLANG_ANALYZER_NONNULL = YES;
				CLANG_ANALYZER_NUMBER_OBJECT_CONVERSION = YES_AGGRESSIVE;
				CLANG_CXX_LANGUAGE_STANDARD = "gnu++20";
				CLANG_ENABLE_MODULES = YES;
				CLANG_ENABLE_OBJC_ARC = YES;
				CLANG_ENABLE_OBJC_WEAK = YES;
				CLANG_WARN_BLOCK_CAPTURE_AUTORELEASING = YES;
				CLANG_WARN_BOOL_CONVERSION = YES;
				CLANG_WARN_COMMA = YES;
				CLANG_WARN_CONSTANT_CONVERSION = YES;
				CLANG_WARN_DEPRECATED_OBJC_IMPLEMENTATIONS = YES;
				CLANG_WARN_DIRECT_OBJC_ISA_USAGE = YES_ERROR;
				CLANG_WARN_DOCUMENTATION_COMMENTS = YES;
				CLANG_WARN_EMPTY_BODY = YES;
				CLANG_WARN_ENUM_CONVERSION = YES;
				CLANG_WARN_INFINITE_RECURSION = YES;
				CLANG_WARN_INT_CONVERSION = YES;
				CLANG_WARN_NON_LITERAL_NULL_CONVERSION = YES;
				CLANG_WARN_OBJC_IMPLICIT_RETAIN_SELF = YES;
				CLANG_WARN_OBJC_LITERAL_CONVERSION = YES;
				CLANG_WARN_OBJC_ROOT_CLASS = YES_ERROR;
				CLANG_WARN_QUOTED_INCLUDE_IN_FRAMEWORK_HEADER = YES;
				CLANG_WARN_RANGE_LOOP_ANALYSIS = YES;
				CLANG_WARN_STRICT_PROTOTYPES = YES;
				CLANG_WARN_SUSPICIOUS_MOVE = YES;
				CLANG_WARN_UNGUARDED_AVAILABILITY = YES_AGGRESSIVE;
				CLANG_WARN_UNREACHABLE_CODE = YES;
				CLANG_WARN__DUPLICATE_METHOD_MATCH = YES;
				COPY_PHASE_STRIP = NO;
				DEAD_CODE_STRIPPING = YES;
				DEBUG_INFORMATION_FORMAT = dwarf;
				ENABLE_STRICT_OBJC_MSGSEND = YES;
				ENABLE_TESTABILITY = YES;
				ENABLE_USER_SCRIPT_SANDBOXING = YES;
				GCC_C_LANGUAGE_STANDARD = gnu17;
				GCC_DYNAMIC_NO_PIC = NO;
				GCC_NO_COMMON_BLOCKS = YES;
				GCC_OPTIMIZATION_LEVEL = 0;
				GCC_PREPROCESSOR_DEFINITIONS = (
					"DEBUG=1",
					"$(inherited)",
				);
				GCC_WARN_64_TO_32_BIT_CONVERSION = YES;
				GCC_WARN_ABOUT_RETURN_TYPE = YES_ERROR;
				GCC_WARN_UNDECLARED_SELECTOR = YES;
				GCC_WARN_UNINITIALIZED_AUTOS = YES_AGGRESSIVE;
				GCC_WARN_UNUSED_FUNCTION = YES;
				GCC_WARN_UNUSED_VARIABLE = YES;
				MACOSX_DEPLOYMENT_TARGET = 14.0;
				MTL_ENABLE_DEBUG_INFO = INCLUDE_SOURCE;
				MTL_FAST_MATH = YES;
				ONLY_ACTIVE_ARCH = YES;
				SDKROOT = macosx;
				STRING_CATALOG_GENERATE_SYMBOLS = YES;
				SWIFT_ACTIVE_COMPILATION_CONDITIONS = "DEBUG $(inherited)";
				SWIFT_OPTIMIZATION_LEVEL = "-Onone";
			};
			name = Debug;
		};
		A0400000001 /* Release */ = {
			isa = XCBuildConfiguration;
			buildSettings = {
				ALWAYS_SEARCH_USER_PATHS = NO;
				ASSETCATALOG_COMPILER_GENERATE_SWIFT_ASSET_SYMBOL_EXTENSIONS = YES;
				CLANG_ANALYZER_LOCALIZABILITY_NONLOCALIZED = YES;
				CLANG_ANALYZER_NONNULL = YES;
				CLANG_ANALYZER_NUMBER_OBJECT_CONVERSION = YES_AGGRESSIVE;
				CLANG_CXX_LANGUAGE_STANDARD = "gnu++20";
				CLANG_ENABLE_MODULES = YES;
				CLANG_ENABLE_OBJC_ARC = YES;
				CLANG_ENABLE_OBJC_WEAK = YES;
				CLANG_WARN_BLOCK_CAPTURE_AUTORELEASING = YES;
				CLANG_WARN_BOOL_CONVERSION = YES;
				CLANG_WARN_COMMA = YES;
				CLANG_WARN_CONSTANT_CONVERSION = YES;
				CLANG_WARN_DEPRECATED_OBJC_IMPLEMENTATIONS = YES;
				CLANG_WARN_DIRECT_OBJC_ISA_USAGE = YES_ERROR;
				CLANG_WARN_DOCUMENTATION_COMMENTS = YES;
				CLANG_WARN_EMPTY_BODY = YES;
				CLANG_WARN_ENUM_CONVERSION = YES;
				CLANG_WARN_INFINITE_RECURSION = YES;
				CLANG_WARN_INT_CONVERSION = YES;
				CLANG_WARN_NON_LITERAL_NULL_CONVERSION = YES;
				CLANG_WARN_OBJC_IMPLICIT_RETAIN_SELF = YES;
				CLANG_WARN_OBJC_LITERAL_CONVERSION = YES;
				CLANG_WARN_OBJC_ROOT_CLASS = YES_ERROR;
				CLANG_WARN_QUOTED_INCLUDE_IN_FRAMEWORK_HEADER = YES;
				CLANG_WARN_RANGE_LOOP_ANALYSIS = YES;
				CLANG_WARN_STRICT_PROTOTYPES = YES;
				CLANG_WARN_SUSPICIOUS_MOVE = YES;
				CLANG_WARN_UNGUARDED_AVAILABILITY = YES_AGGRESSIVE;
				CLANG_WARN_UNREACHABLE_CODE = YES;
				CLANG_WARN__DUPLICATE_METHOD_MATCH = YES;
				COPY_PHASE_STRIP = NO;
				DEAD_CODE_STRIPPING = YES;
				DEBUG_INFORMATION_FORMAT = "dwarf-with-dsym";
				ENABLE_NS_ASSERTIONS = NO;
				ENABLE_STRICT_OBJC_MSGSEND = YES;
				ENABLE_USER_SCRIPT_SANDBOXING = YES;
				GCC_C_LANGUAGE_STANDARD = gnu17;
				GCC_NO_COMMON_BLOCKS = YES;
				GCC_WARN_64_TO_32_BIT_CONVERSION = YES;
				GCC_WARN_ABOUT_RETURN_TYPE = YES_ERROR;
				GCC_WARN_UNDECLARED_SELECTOR = YES;
				GCC_WARN_UNINITIALIZED_AUTOS = YES_AGGRESSIVE;
				GCC_WARN_UNUSED_FUNCTION = YES;
				GCC_WARN_UNUSED_VARIABLE = YES;
				MACOSX_DEPLOYMENT_TARGET = 14.0;
				MTL_ENABLE_DEBUG_INFO = NO;
				MTL_FAST_MATH = YES;
				SDKROOT = macosx;
				STRING_CATALOG_GENERATE_SYMBOLS = YES;
				SWIFT_COMPILATION_MODE = wholemodule;
			};
			name = Release;
		};
		A0500000000 /* Debug */ = {
			isa = XCBuildConfiguration;
			buildSettings = {
				ASSETCATALOG_COMPILER_APPICON_NAME = AppIcon;
				ASSETCATALOG_COMPILER_GLOBAL_ACCENT_COLOR_NAME = AccentColor;
				CODE_SIGN_ENTITLEMENTS = Claudacity/Claudacity.entitlements;
				CODE_SIGN_STYLE = Automatic;
				COMBINE_HIDPI_IMAGES = YES;
				CURRENT_PROJECT_VERSION = 1;
				DEAD_CODE_STRIPPING = YES;
				DEVELOPMENT_TEAM = "";
				ENABLE_APP_SANDBOX = NO;
				ENABLE_HARDENED_RUNTIME = NO;
				ENABLE_OUTGOING_NETWORK_CONNECTIONS = YES;
				ENABLE_USER_SELECTED_FILES = readonly;
				GENERATE_INFOPLIST_FILE = YES;
				INFOPLIST_FILE = Claudacity/Info.plist;
				INFOPLIST_KEY_CFBundleDisplayName = Claudacity;
				INFOPLIST_KEY_LSApplicationCategoryType = "public.app-category.utilities";
				INFOPLIST_KEY_LSUIElement = YES;
				INFOPLIST_KEY_NSHumanReadableCopyright = "";
				LD_RUNPATH_SEARCH_PATHS = (
					"$(inherited)",
					"@executable_path/../Frameworks",
				);
				MARKETING_VERSION = 1.03;
				PRODUCT_BUNDLE_IDENTIFIER = com.claudacity.app;
				PRODUCT_NAME = "$(TARGET_NAME)";
				SWIFT_EMIT_LOC_STRINGS = YES;
				SWIFT_STRICT_CONCURRENCY = complete;
				SWIFT_VERSION = 5.0;
			};
			name = Debug;
		};
		A0500000001 /* Release */ = {
			isa = XCBuildConfiguration;
			buildSettings = {
				ASSETCATALOG_COMPILER_APPICON_NAME = AppIcon;
				ASSETCATALOG_COMPILER_GLOBAL_ACCENT_COLOR_NAME = AccentColor;
				CODE_SIGN_ENTITLEMENTS = Claudacity/Claudacity.entitlements;
				CODE_SIGN_STYLE = Automatic;
				COMBINE_HIDPI_IMAGES = YES;
				CURRENT_PROJECT_VERSION = 1;
				DEAD_CODE_STRIPPING = YES;
				DEVELOPMENT_TEAM = "";
				ENABLE_APP_SANDBOX = NO;
				ENABLE_HARDENED_RUNTIME = NO;
				ENABLE_OUTGOING_NETWORK_CONNECTIONS = YES;
				ENABLE_USER_SELECTED_FILES = readonly;
				GENERATE_INFOPLIST_FILE = YES;
				INFOPLIST_FILE = Claudacity/Info.plist;
				INFOPLIST_KEY_CFBundleDisplayName = Claudacity;
				INFOPLIST_KEY_LSApplicationCategoryType = "public.app-category.utilities";
				INFOPLIST_KEY_LSUIElement = YES;
				INFOPLIST_KEY_NSHumanReadableCopyright = "";
				LD_RUNPATH_SEARCH_PATHS = (
					"$(inherited)",
					"@executable_path/../Frameworks",
				);
				MARKETING_VERSION = 1.03;
				PRODUCT_BUNDLE_IDENTIFIER = com.claudacity.app;
				PRODUCT_NAME = "$(TARGET_NAME)";
				SWIFT_EMIT_LOC_STRINGS = YES;
				SWIFT_STRICT_CONCURRENCY = complete;
				SWIFT_VERSION = 5.0;
			};
			name = Release;
		};
/* End XCBuildConfiguration section */

/* Begin XCConfigurationList section */
		A0600000000 /* Build configuration list for PBXProject "Claudacity" */ = {
			isa = XCConfigurationList;
			buildConfigurations = (
				A0400000000 /* Debug */,
				A0400000001 /* Release */,
			);
			defaultConfigurationIsVisible = 0;
			defaultConfigurationName = Release;
		};
		A0700000000 /* Build configuration list for PBXNativeTarget "Claudacity" */ = {
			isa = XCConfigurationList;
			buildConfigurations = (
				A0500000000 /* Debug */,
				A0500000001 /* Release */,
			);
			defaultConfigurationIsVisible = 0;
			defaultConfigurationName = Release;
		};
/* End XCConfigurationList section */
	};
	rootObject = A0300000000 /* Project object */;
}
